
Microsoft Visual Studio Solution File, Format Version 12.00
# Visual Studio Version 16
VisualStudioVersion = 16.0.33529.622
MinimumVisualStudioVersion = 10.0.40219.1
Project("{FAE04EC0-301F-11D3-BF4B-00C04F79EFBC}") = "MyDictionary", "MyDictionary\MyDictionary.csproj", "{FC504644-EF7B-48E4-A8FF-2B8F4405F884}"
EndProject
Project("{FAE04EC0-301F-11D3-BF4B-00C04F79EFBC}") = "MyDictionary2", "MyDictionary2\MyDictionary2.csproj", "{81D1B65B-6DEE-4604-A1A1-0944EC9F4714}"
EndProject
Global
	GlobalSection(SolutionConfigurationPlatforms) = preSolution
		Debug|Any CPU = Debug|Any CPU
		Release|Any CPU = Release|Any CPU
	EndGlobalSection
	GlobalSection(ProjectConfigurationPlatforms) = postSolution
		{FC504644-EF7B-48E4-A8FF-2B8F4405F884}.Debug|Any CPU.ActiveCfg = Debug|Any CPU
		{FC504644-EF7B-48E4-A8FF-2B8F4405F884}.Debug|Any CPU.Build.0 = Debug|Any CPU
		{FC504644-EF7B-48E4-A8FF-2B8F4405F884}.Release|Any CPU.ActiveCfg = Release|Any CPU
		{FC504644-EF7B-48E4-A8FF-2B8F4405F884}.Release|Any CPU.Build.0 = Release|Any CPU
		{81D1B65B-6DEE-4604-A1A1-0944EC9F4714}.Debug|Any CPU.ActiveCfg = Debug|Any CPU
		{81D1B65B-6DEE-4604-A1A1-0944EC9F4714}.Debug|Any CPU.Build.0 = Debug|Any CPU
		{81D1B65B-6DEE-4604-A1A1-0944EC9F4714}.Release|Any CPU.ActiveCfg = Release|Any CPU
		{81D1B65B-6DEE-4604-A1A1-0944EC9F4714}.Release|Any CPU.Build.0 = Release|Any CPU
	EndGlobalSection
	GlobalSection(SolutionProperties) = preSolution
		HideSolutionNode = FALSE
	EndGlobalSection
	GlobalSection(ExtensibilityGlobals) = postSolution
		SolutionGuid = {057A3C9E-46E7-443F-A855-710421ACD91E}
	EndGlobalSection
EndGlobal
